// !$*UTF8*$!
{
	archiveVersion = 1;
	classes = {
	};
	objectVersion = 77;
	objects = {

/* Begin PBXContainerItemProxy section */
		A839F0EE2D7E1808005971ED /* PBXContainerItemProxy */ = {
			isa = PBXContainerItemProxy;
			containerPortal = A839F0D52D7E1806005971ED /* Project object */;
			proxyType = 1;
			remoteGlobalIDString = A839F0DC2D7E1806005971ED;
			remoteInfo = XCodeCLoudWesChua1;
		};
		A839F0F82D7E1808005971ED /* PBXContainerItemProxy */ = {
			isa = PBXContainerItemProxy;
			containerPortal = A839F0D52D7E1806005971ED /* Project object */;
			proxyType = 1;
			remoteGlobalIDString = A839F0DC2D7E1806005971ED;
			remoteInfo = XCodeCLoudWesChua1;
		};
/* End PBXContainerItemProxy section */

/* Begin PBXFileReference section */
		A839F0DD2D7E1806005971ED /* XCodeCLoudWesChua1.app */ = {isa = PBXFileReference; explicitFileType = wrapper.application; includeInIndex = 0; path = XCodeCLoudWesChua1.app; sourceTree = BUILT_PRODUCTS_DIR; };
		A839F0ED2D7E1808005971ED /* XCodeCLoudWesChua1Tests.xctest */ = {isa = PBXFileReference; explicitFileType = wrapper.cfbundle; includeInIndex = 0; path = XCodeCLoudWesChua1Tests.xctest; sourceTree = BUILT_PRODUCTS_DIR; };
		A839F0F72D7E1808005971ED /* XCodeCLoudWesChua1UITests.xctest */ = {isa = PBXFileReference; explicitFileType = wrapper.cfbundle; includeInIndex = 0; path = XCodeCLoudWesChua1UITests.xctest; sourceTree = BUILT_PRODUCTS_DIR; };
/* End PBXFileReference section */

/* Begin PBXFileSystemSynchronizedRootGroup section */
		A839F0DF2D7E1806005971ED /* XCodeCLoudWesChua1 */ = {
			isa = PBXFileSystemSynchronizedRootGroup;
			path = XCodeCLoudWesChua1;
			sourceTree = "<group>";
		};
		A839F0F02D7E1808005971ED /* XCodeCLoudWesChua1Tests */ = {
			isa = PBXFileSystemSynchronizedRootGroup;
			path = XCodeCLoudWesChua1Tests;
			sourceTree = "<group>";
		};
		A839F0FA2D7E1808005971ED /* XCodeCLoudWesChua1UITests */ = {
			isa = PBXFileSystemSynchronizedRootGroup;
			path = XCodeCLoudWesChua1UITests;
			sourceTree = "<group>";
		};
/* End PBXFileSystemSynchronizedRootGroup section */

/* Begin PBXFrameworksBuildPhase section */
		A839F0DA2D7E1806005971ED /* Frameworks */ = {
			isa = PBXFrameworksBuildPhase;
			buildActionMask = 2147483647;
			files = (
			);
			runOnlyForDeploymentPostprocessing = 0;
		};
		A839F0EA2D7E1808005971ED /* Frameworks */ = {
			isa = PBXFrameworksBuildPhase;
			buildActionMask = 2147483647;
			files = (
			);
			runOnlyForDeploymentPostprocessing = 0;
		};
		A839F0F42D7E1808005971ED /* Frameworks */ = {
			isa = PBXFrameworksBuildPhase;
			buildActionMask = 2147483647;
			files = (
			);
			runOnlyForDeploymentPostprocessing = 0;
		};
/* End PBXFrameworksBuildPhase section */

/* Begin PBXGroup section */
		A839F0D42D7E1806005971ED = {
			isa = PBXGroup;
			children = (
				A839F0DF2D7E1806005971ED /* XCodeCLoudWesChua1 */,
				A839F0F02D7E1808005971ED /* XCodeCLoudWesChua1Tests */,
				A839F0FA2D7E1808005971ED /* XCodeCLoudWesChua1UITests */,
				A839F0DE2D7E1806005971ED /* Products */,
			);
			sourceTree = "<group>";
		};
		A839F0DE2D7E1806005971ED /* Products */ = {
			isa = PBXGroup;
			children = (
				A839F0DD2D7E1806005971ED /* XCodeCLoudWesChua1.app */,
				A839F0ED2D7E1808005971ED /* XCodeCLoudWesChua1Tests.xctest */,
				A839F0F72D7E1808005971ED /* XCodeCLoudWesChua1UITests.xctest */,
			);
			name = Products;
			sourceTree = "<group>";
		};
/* End PBXGroup section */

/* Begin PBXNativeTarget section */
		A839F0DC2D7E1806005971ED /* XCodeCLoudWesChua1 */ = {
			isa = PBXNativeTarget;
			buildConfigurationList = A839F1012D7E1808005971ED /* Build configuration list for PBXNativeTarget "XCodeCLoudWesChua1" */;
			buildPhases = (
				A839F0D92D7E1806005971ED /* Sources */,
				A839F0DA2D7E1806005971ED /* Frameworks */,
				A839F0DB2D7E1806005971ED /* Resources */,
			);
			buildRules = (
			);
			dependencies = (
			);
			fileSystemSynchronizedGroups = (
				A839F0DF2D7E1806005971ED /* XCodeCLoudWesChua1 */,
			);
			name = XCodeCLoudWesChua1;
			packageProductDependencies = (
			);
			productName = XCodeCLoudWesChua1;
			productReference = A839F0DD2D7E1806005971ED /* XCodeCLoudWesChua1.app */;
			productType = "com.apple.product-type.application";
		};
		A839F0EC2D7E1808005971ED /* XCodeCLoudWesChua1Tests */ = {
			isa = PBXNativeTarget;
			buildConfigurationList = A839F1042D7E1808005971ED /* Build configuration list for PBXNativeTarget "XCodeCLoudWesChua1Tests" */;
			buildPhases = (
				A839F0E92D7E1808005971ED /* Sources */,
				A839F0EA2D7E1808005971ED /* Frameworks */,
				A839F0EB2D7E1808005971ED /* Resources */,
			);
			buildRules = (
			);
			dependencies = (
				A839F0EF2D7E1808005971ED /* PBXTargetDependency */,
			);
			fileSystemSynchronizedGroups = (
				A839F0F02D7E1808005971ED /* XCodeCLoudWesChua1Tests */,
			);
			name = XCodeCLoudWesChua1Tests;
			packageProductDependencies = (
			);
			productName = XCodeCLoudWesChua1Tests;
			productReference = A839F0ED2D7E1808005971ED /* XCodeCLoudWesChua1Tests.xctest */;
			productType = "com.apple.product-type.bundle.unit-test";
		};
		A839F0F62D7E1808005971ED /* XCodeCLoudWesChua1UITests */ = {
			isa = PBXNativeTarget;
			buildConfigurationList = A839F1072D7E1808005971ED /* Build configuration list for PBXNativeTarget "XCodeCLoudWesChua1UITests" */;
			buildPhases = (
				A839F0F32D7E1808005971ED /* Sources */,
				A839F0F42D7E1808005971ED /* Frameworks */,
				A839F0F52D7E1808005971ED /* Resources */,
			);
			buildRules = (
			);
			dependencies = (
				A839F0F92D7E1808005971ED /* PBXTargetDependency */,
			);
			fileSystemSynchronizedGroups = (
				A839F0FA2D7E1808005971ED /* XCodeCLoudWesChua1UITests */,
			);
			name = XCodeCLoudWesChua1UITests;
			packageProductDependencies = (
			);
			productName = XCodeCLoudWesChua1UITests;
			productReference = A839F0F72D7E1808005971ED /* XCodeCLoudWesChua1UITests.xctest */;
			productType = "com.apple.product-type.bundle.ui-testing";
		};
/* End PBXNativeTarget section */

/* Begin PBXProject section */
		A839F0D52D7E1806005971ED /* Project object */ = {
			isa = PBXProject;
			attributes = {
				BuildIndependentTargetsInParallel = 1;
				LastSwiftUpdateCheck = 1620;
				LastUpgradeCheck = 1620;
				TargetAttributes = {
					A839F0DC2D7E1806005971ED = {
						CreatedOnToolsVersion = 16.2;
					};
					A839F0EC2D7E1808005971ED = {
						CreatedOnToolsVersion = 16.2;
						TestTargetID = A839F0DC2D7E1806005971ED;
					};
					A839F0F62D7E1808005971ED = {
						CreatedOnToolsVersion = 16.2;
						TestTargetID = A839F0DC2D7E1806005971ED;
					};
				};
			};
			buildConfigurationList = A839F0D82D7E1806005971ED /* Build configuration list for PBXProject "XCodeCLoudWesChua1" */;
			developmentRegion = en;
			hasScannedForEncodings = 0;
			knownRegions = (
				en,
				Base,
			);
			mainGroup = A839F0D42D7E1806005971ED;
			minimizedProjectReferenceProxies = 1;
			preferredProjectObjectVersion = 77;
			productRefGroup = A839F0DE2D7E1806005971ED /* Products */;
			projectDirPath = "";
			projectRoot = "";
			targets = (
				A839F0DC2D7E1806005971ED /* XCodeCLoudWesChua1 */,
				A839F0EC2D7E1808005971ED /* XCodeCLoudWesChua1Tests */,
				A839F0F62D7E1808005971ED /* XCodeCLoudWesChua1UITests */,
			);
		};
/* End PBXProject section */

/* Begin PBXResourcesBuildPhase section */
		A839F0DB2D7E1806005971ED /* Resources */ = {
			isa = PBXResourcesBuildPhase;
			buildActionMask = 2147483647;
			files = (
			);
			runOnlyForDeploymentPostprocessing = 0;
		};
		A839F0EB2D7E1808005971ED /* Resources */ = {
			isa = PBXResourcesBuildPhase;
			buildActionMask = 2147483647;
			files = (
			);
			runOnlyForDeploymentPostprocessing = 0;
		};
		A839F0F52D7E1808005971ED /* Resources */ = {
			isa = PBXResourcesBuildPhase;
			buildActionMask = 2147483647;
			files = (
			);
			runOnlyForDeploymentPostprocessing = 0;
		};
/* End PBXResourcesBuildPhase section */

/* Begin PBXSourcesBuildPhase section */
		A839F0D92D7E1806005971ED /* Sources */ = {
			isa = PBXSourcesBuildPhase;
			buildActionMask = 2147483647;
			files = (
			);
			runOnlyForDeploymentPostprocessing = 0;
		};
		A839F0E92D7E1808005971ED /* Sources */ = {
			isa = PBXSourcesBuildPhase;
			buildActionMask = 2147483647;
			files = (
			);
			runOnlyForDeploymentPostprocessing = 0;
		};
		A839F0F32D7E1808005971ED /* Sources */ = {
			isa = PBXSourcesBuildPhase;
			buildActionMask = 2147483647;
			files = (
			);
			runOnlyForDeploymentPostprocessing = 0;
		};
/* End PBXSourcesBuildPhase section */

/* Begin PBXTargetDependency section */
		A839F0EF2D7E1808005971ED /* PBXTargetDependency */ = {
			isa = PBXTargetDependency;
			target = A839F0DC2D7E1806005971ED /* XCodeCLoudWesChua1 */;
			targetProxy = A839F0EE2D7E1808005971ED /* PBXContainerItemProxy */;
		};
		A839F0F92D7E1808005971ED /* PBXTargetDependency */ = {
			isa = PBXTargetDependency;
			target = A839F0DC2D7E1806005971ED /* XCodeCLoudWesChua1 */;
			targetProxy = A839F0F82D7E1808005971ED /* PBXContainerItemProxy */;
		};
/* End PBXTargetDependency section */

/* Begin XCBuildConfiguration section */
		A839F0FF2D7E1808005971ED /* Debug */ = {
			isa = XCBuildConfiguration;
			buildSettings = {
				ALWAYS_SEARCH_USER_PATHS = NO;
				ASSETCATALOG_COMPILER_GENERATE_SWIFT_ASSET_SYMBOL_EXTENSIONS = YES;
				CLANG_ANALYZER_NONNULL = YES;
				CLANG_ANALYZER_NUMBER_OBJECT_CONVERSION = YES_AGGRESSIVE;
				CLANG_CXX_LANGUAGE_STANDARD = "gnu++20";
				CLANG_ENABLE_MODULES = YES;
				CLANG_ENABLE_OBJC_ARC = YES;
				CLANG_ENABLE_OBJC_WEAK = YES;
				CLANG_WARN_BLOCK_CAPTURE_AUTORELEASING = YES;
				CLANG_WARN_BOOL_CONVERSION = YES;
				CLANG_WARN_COMMA = YES;
				CLANG_WARN_CONSTANT_CONVERSION = YES;
				CLANG_WARN_DEPRECATED_OBJC_IMPLEMENTATIONS = YES;
				CLANG_WARN_DIRECT_OBJC_ISA_USAGE = YES_ERROR;
				CLANG_WARN_DOCUMENTATION_COMMENTS = YES;
				CLANG_WARN_EMPTY_BODY = YES;
				CLANG_WARN_ENUM_CONVERSION = YES;
				CLANG_WARN_INFINITE_RECURSION = YES;
				CLANG_WARN_INT_CONVERSION = YES;
				CLANG_WARN_NON_LITERAL_NULL_CONVERSION = YES;
				CLANG_WARN_OBJC_IMPLICIT_RETAIN_SELF = YES;
				CLANG_WARN_OBJC_LITERAL_CONVERSION = YES;
				CLANG_WARN_OBJC_ROOT_CLASS = YES_ERROR;
				CLANG_WARN_QUOTED_INCLUDE_IN_FRAMEWORK_HEADER = YES;
				CLANG_WARN_RANGE_LOOP_ANALYSIS = YES;
				CLANG_WARN_STRICT_PROTOTYPES = YES;
				CLANG_WARN_SUSPICIOUS_MOVE = YES;
				CLANG_WARN_UNGUARDED_AVAILABILITY = YES_AGGRESSIVE;
				CLANG_WARN_UNREACHABLE_CODE = YES;
				CLANG_WARN__DUPLICATE_METHOD_MATCH = YES;
				COPY_PHASE_STRIP = NO;
				DEBUG_INFORMATION_FORMAT = dwarf;
				ENABLE_STRICT_OBJC_MSGSEND = YES;
				ENABLE_TESTABILITY = YES;
				ENABLE_USER_SCRIPT_SANDBOXING = YES;
				GCC_C_LANGUAGE_STANDARD = gnu17;
				GCC_DYNAMIC_NO_PIC = NO;
				GCC_NO_COMMON_BLOCKS = YES;
				GCC_OPTIMIZATION_LEVEL = 0;
				GCC_PREPROCESSOR_DEFINITIONS = (
					"DEBUG=1",
					"$(inherited)",
				);
				GCC_WARN_64_TO_32_BIT_CONVERSION = YES;
				GCC_WARN_ABOUT_RETURN_TYPE = YES_ERROR;
				GCC_WARN_UNDECLARED_SELECTOR = YES;
				GCC_WARN_UNINITIALIZED_AUTOS = YES_AGGRESSIVE;
				GCC_WARN_UNUSED_FUNCTION = YES;
				GCC_WARN_UNUSED_VARIABLE = YES;
				IPHONEOS_DEPLOYMENT_TARGET = 18.2;
				LOCALIZATION_PREFERS_STRING_CATALOGS = YES;
				MTL_ENABLE_DEBUG_INFO = INCLUDE_SOURCE;
				MTL_FAST_MATH = YES;
				ONLY_ACTIVE_ARCH = YES;
				SDKROOT = iphoneos;
				SWIFT_ACTIVE_COMPILATION_CONDITIONS = "DEBUG $(inherited)";
				SWIFT_OPTIMIZATION_LEVEL = "-Onone";
			};
			name = Debug;
		};
		A839F1002D7E1808005971ED /* Release */ = {
			isa = XCBuildConfiguration;
			buildSettings = {
				ALWAYS_SEARCH_USER_PATHS = NO;
				ASSETCATALOG_COMPILER_GENERATE_SWIFT_ASSET_SYMBOL_EXTENSIONS = YES;
				CLANG_ANALYZER_NONNULL = YES;
				CLANG_ANALYZER_NUMBER_OBJECT_CONVERSION = YES_AGGRESSIVE;
				CLANG_CXX_LANGUAGE_STANDARD = "gnu++20";
				CLANG_ENABLE_MODULES = YES;
				CLANG_ENABLE_OBJC_ARC = YES;
				CLANG_ENABLE_OBJC_WEAK = YES;
				CLANG_WARN_BLOCK_CAPTURE_AUTORELEASING = YES;
				CLANG_WARN_BOOL_CONVERSION = YES;
				CLANG_WARN_COMMA = YES;
				CLANG_WARN_CONSTANT_CONVERSION = YES;
				CLANG_WARN_DEPRECATED_OBJC_IMPLEMENTATIONS = YES;
				CLANG_WARN_DIRECT_OBJC_ISA_USAGE = YES_ERROR;
				CLANG_WARN_DOCUMENTATION_COMMENTS = YES;
				CLANG_WARN_EMPTY_BODY = YES;
				CLANG_WARN_ENUM_CONVERSION = YES;
				CLANG_WARN_INFINITE_RECURSION = YES;
				CLANG_WARN_INT_CONVERSION = YES;
				CLANG_WARN_NON_LITERAL_NULL_CONVERSION = YES;
				CLANG_WARN_OBJC_IMPLICIT_RETAIN_SELF = YES;
				CLANG_WARN_OBJC_LITERAL_CONVERSION = YES;
				CLANG_WARN_OBJC_ROOT_CLASS = YES_ERROR;
				CLANG_WARN_QUOTED_INCLUDE_IN_FRAMEWORK_HEADER = YES;
				CLANG_WARN_RANGE_LOOP_ANALYSIS = YES;
				CLANG_WARN_STRICT_PROTOTYPES = YES;
				CLANG_WARN_SUSPICIOUS_MOVE = YES;
				CLANG_WARN_UNGUARDED_AVAILABILITY = YES_AGGRESSIVE;
				CLANG_WARN_UNREACHABLE_CODE = YES;
				CLANG_WARN__DUPLICATE_METHOD_MATCH = YES;
				COPY_PHASE_STRIP = NO;
				DEBUG_INFORMATION_FORMAT = "dwarf-with-dsym";
				ENABLE_NS_ASSERTIONS = NO;
				ENABLE_STRICT_OBJC_MSGSEND = YES;
				ENABLE_USER_SCRIPT_SANDBOXING = YES;
				GCC_C_LANGUAGE_STANDARD = gnu17;
				GCC_NO_COMMON_BLOCKS = YES;
				GCC_WARN_64_TO_32_BIT_CONVERSION = YES;
				GCC_WARN_ABOUT_RETURN_TYPE = YES_ERROR;
				GCC_WARN_UNDECLARED_SELECTOR = YES;
				GCC_WARN_UNINITIALIZED_AUTOS = YES_AGGRESSIVE;
				GCC_WARN_UNUSED_FUNCTION = YES;
				GCC_WARN_UNUSED_VARIABLE = YES;
				IPHONEOS_DEPLOYMENT_TARGET = 18.2;
				LOCALIZATION_PREFERS_STRING_CATALOGS = YES;
				MTL_ENABLE_DEBUG_INFO = NO;
				MTL_FAST_MATH = YES;
				SDKROOT = iphoneos;
				SWIFT_COMPILATION_MODE = wholemodule;
				VALIDATE_PRODUCT = YES;
			};
			name = Release;
		};
		A839F1022D7E1808005971ED /* Debug */ = {
			isa = XCBuildConfiguration;
			buildSettings = {
				ASSETCATALOG_COMPILER_APPICON_NAME = AppIcon;
				ASSETCATALOG_COMPILER_GLOBAL_ACCENT_COLOR_NAME = AccentColor;
				CODE_SIGN_STYLE = Automatic;
				CURRENT_PROJECT_VERSION = 1;
				DEVELOPMENT_ASSET_PATHS = "\"XCodeCLoudWesChua1/Preview Content\"";
				DEVELOPMENT_TEAM = JYJ25JXYC8;
				ENABLE_PREVIEWS = YES;
				GENERATE_INFOPLIST_FILE = YES;
				INFOPLIST_KEY_UIApplicationSceneManifest_Generation = YES;
				INFOPLIST_KEY_UIApplicationSupportsIndirectInputEvents = YES;
				INFOPLIST_KEY_UILaunchScreen_Generation = YES;
				INFOPLIST_KEY_UISupportedInterfaceOrientations_iPad = "UIInterfaceOrientationPortrait UIInterfaceOrientationPortraitUpsideDown UIInterfaceOrientationLandscapeLeft UIInterfaceOrientationLandscapeRight";
				INFOPLIST_KEY_UISupportedInterfaceOrientations_iPhone = "UIInterfaceOrientationPortrait UIInterfaceOrientationLandscapeLeft UIInterfaceOrientationLandscapeRight";
				LD_RUNPATH_SEARCH_PATHS = (
					"$(inherited)",
					"@executable_path/Frameworks",
				);
				MARKETING_VERSION = 1.0;
				PRODUCT_BUNDLE_IDENTIFIER = com.ujjwalarora.XCodeCLoudWesChua1;
				PRODUCT_NAME = "$(TARGET_NAME)";
				SWIFT_EMIT_LOC_STRINGS = YES;
				SWIFT_VERSION = 5.0;
				TARGETED_DEVICE_FAMILY = "1,2";
			};
			name = Debug;
		};
		A839F1032D7E1808005971ED /* Release */ = {
			isa = XCBuildConfiguration;
			buildSettings = {
				ASSETCATALOG_COMPILER_APPICON_NAME = AppIcon;
				ASSETCATALOG_COMPILER_GLOBAL_ACCENT_COLOR_NAME = AccentColor;
				CODE_SIGN_STYLE = Automatic;
				CURRENT_PROJECT_VERSION = 1;
				DEVELOPMENT_ASSET_PATHS = "\"XCodeCLoudWesChua1/Preview Content\"";
				DEVELOPMENT_TEAM = JYJ25JXYC8;
				ENABLE_PREVIEWS = YES;
				GENERATE_INFOPLIST_FILE = YES;
				INFOPLIST_KEY_UIApplicationSceneManifest_Generation = YES;
				INFOPLIST_KEY_UIApplicationSupportsIndirectInputEvents = YES;
				INFOPLIST_KEY_UILaunchScreen_Generation = YES;
				INFOPLIST_KEY_UISupportedInterfaceOrientations_iPad = "UIInterfaceOrientationPortrait UIInterfaceOrientationPortraitUpsideDown UIInterfaceOrientationLandscapeLeft UIInterfaceOrientationLandscapeRight";
				INFOPLIST_KEY_UISupportedInterfaceOrientations_iPhone = "UIInterfaceOrientationPortrait UIInterfaceOrientationLandscapeLeft UIInterfaceOrientationLandscapeRight";
				LD_RUNPATH_SEARCH_PATHS = (
					"$(inherited)",
					"@executable_path/Frameworks",
				);
				MARKETING_VERSION = 1.0;
				PRODUCT_BUNDLE_IDENTIFIER = com.ujjwalarora.XCodeCLoudWesChua1;
				PRODUCT_NAME = "$(TARGET_NAME)";
				SWIFT_EMIT_LOC_STRINGS = YES;
				SWIFT_VERSION = 5.0;
				TARGETED_DEVICE_FAMILY = "1,2";
			};
			name = Release;
		};
		A839F1052D7E1808005971ED /* Debug */ = {
			isa = XCBuildConfiguration;
			buildSettings = {
				BUNDLE_LOADER = "$(TEST_HOST)";
				CODE_SIGN_STYLE = Automatic;
				CURRENT_PROJECT_VERSION = 1;
				DEVELOPMENT_TEAM = JYJ25JXYC8;
				GENERATE_INFOPLIST_FILE = YES;
				IPHONEOS_DEPLOYMENT_TARGET = 18.2;
				MARKETING_VERSION = 1.0;
				PRODUCT_BUNDLE_IDENTIFIER = com.ujjwalarora.XCodeCLoudWesChua1Tests;
				PRODUCT_NAME = "$(TARGET_NAME)";
				SWIFT_EMIT_LOC_STRINGS = NO;
				SWIFT_VERSION = 5.0;
				TARGETED_DEVICE_FAMILY = "1,2";
				TEST_HOST = "$(BUILT_PRODUCTS_DIR)/XCodeCLoudWesChua1.app/$(BUNDLE_EXECUTABLE_FOLDER_PATH)/XCodeCLoudWesChua1";
			};
			name = Debug;
		};
		A839F1062D7E1808005971ED /* Release */ = {
			isa = XCBuildConfiguration;
			buildSettings = {
				BUNDLE_LOADER = "$(TEST_HOST)";
				CODE_SIGN_STYLE = Automatic;
				CURRENT_PROJECT_VERSION = 1;
				DEVELOPMENT_TEAM = JYJ25JXYC8;
				GENERATE_INFOPLIST_FILE = YES;
				IPHONEOS_DEPLOYMENT_TARGET = 18.2;
				MARKETING_VERSION = 1.0;
				PRODUCT_BUNDLE_IDENTIFIER = com.ujjwalarora.XCodeCLoudWesChua1Tests;
				PRODUCT_NAME = "$(TARGET_NAME)";
				SWIFT_EMIT_LOC_STRINGS = NO;
				SWIFT_VERSION = 5.0;
				TARGETED_DEVICE_FAMILY = "1,2";
				TEST_HOST = "$(BUILT_PRODUCTS_DIR)/XCodeCLoudWesChua1.app/$(BUNDLE_EXECUTABLE_FOLDER_PATH)/XCodeCLoudWesChua1";
			};
			name = Release;
		};
		A839F1082D7E1808005971ED /* Debug */ = {
			isa = XCBuildConfiguration;
			buildSettings = {
				CODE_SIGN_STYLE = Automatic;
				CURRENT_PROJECT_VERSION = 1;
				DEVELOPMENT_TEAM = JYJ25JXYC8;
				GENERATE_INFOPLIST_FILE = YES;
				MARKETING_VERSION = 1.0;
				PRODUCT_BUNDLE_IDENTIFIER = com.ujjwalarora.XCodeCLoudWesChua1UITests;
				PRODUCT_NAME = "$(TARGET_NAME)";
				SWIFT_EMIT_LOC_STRINGS = NO;
				SWIFT_VERSION = 5.0;
				TARGETED_DEVICE_FAMILY = "1,2";
				TEST_TARGET_NAME = XCodeCLoudWesChua1;
			};
			name = Debug;
		};
		A839F1092D7E1808005971ED /* Release */ = {
			isa = XCBuildConfiguration;
			buildSettings = {
				CODE_SIGN_STYLE = Automatic;
				CURRENT_PROJECT_VERSION = 1;
				DEVELOPMENT_TEAM = JYJ25JXYC8;
				GENERATE_INFOPLIST_FILE = YES;
				MARKETING_VERSION = 1.0;
				PRODUCT_BUNDLE_IDENTIFIER = com.ujjwalarora.XCodeCLoudWesChua1UITests;
				PRODUCT_NAME = "$(TARGET_NAME)";
				SWIFT_EMIT_LOC_STRINGS = NO;
				SWIFT_VERSION = 5.0;
				TARGETED_DEVICE_FAMILY = "1,2";
				TEST_TARGET_NAME = XCodeCLoudWesChua1;
			};
			name = Release;
		};
/* End XCBuildConfiguration section */

/* Begin XCConfigurationList section */
		A839F0D82D7E1806005971ED /* Build configuration list for PBXProject "XCodeCLoudWesChua1" */ = {
			isa = XCConfigurationList;
			buildConfigurations = (
				A839F0FF2D7E1808005971ED /* Debug */,
				A839F1002D7E1808005971ED /* Release */,
			);
			defaultConfigurationIsVisible = 0;
			defaultConfigurationName = Release;
		};
		A839F1012D7E1808005971ED /* Build configuration list for PBXNativeTarget "XCodeCLoudWesChua1" */ = {
			isa = XCConfigurationList;
			buildConfigurations = (
				A839F1022D7E1808005971ED /* Debug */,
				A839F1032D7E1808005971ED /* Release */,
			);
			defaultConfigurationIsVisible = 0;
			defaultConfigurationName = Release;
		};
		A839F1042D7E1808005971ED /* Build configuration list for PBXNativeTarget "XCodeCLoudWesChua1Tests" */ = {
			isa = XCConfigurationList;
			buildConfigurations = (
				A839F1052D7E1808005971ED /* Debug */,
				A839F1062D7E1808005971ED /* Release */,
			);
			defaultConfigurationIsVisible = 0;
			defaultConfigurationName = Release;
		};
		A839F1072D7E1808005971ED /* Build configuration list for PBXNativeTarget "XCodeCLoudWesChua1UITests" */ = {
			isa = XCConfigurationList;
			buildConfigurations = (
				A839F1082D7E1808005971ED /* Debug */,
				A839F1092D7E1808005971ED /* Release */,
			);
			defaultConfigurationIsVisible = 0;
			defaultConfigurationName = Release;
		};
/* End XCConfigurationList section */
	};
	rootObject = A839F0D52D7E1806005971ED /* Project object */;
}
